
Microsoft Visual Studio Solution File, Format Version 12.00
# Visual Studio Version 16
VisualStudioVersion = 16.0.31727.386
MinimumVisualStudioVersion = 10.0.40219.1
Project("{FAE04EC0-301F-11D3-BF4B-00C04F79EFBC}") = "Media_de_Quatro_Notas", "Media_de_Quatro_Notas.csproj", "{D5A14BA7-9B20-4F9F-8F9F-F5C6F5DFAB7D}"
EndProject
Global
	GlobalSection(SolutionConfigurationPlatforms) = preSolution
		Debug|Any CPU = Debug|Any CPU
		Release|Any CPU = Release|Any CPU
	EndGlobalSection
	GlobalSection(ProjectConfigurationPlatforms) = postSolution
		{D5A14BA7-9B20-4F9F-8F9F-F5C6F5DFAB7D}.Debug|Any CPU.ActiveCfg = Debug|Any CPU
		{D5A14BA7-9B20-4F9F-8F9F-F5C6F5DFAB7D}.Debug|Any CPU.Build.0 = Debug|Any CPU
		{D5A14BA7-9B20-4F9F-8F9F-F5C6F5DFAB7D}.Release|Any CPU.ActiveCfg = Release|Any CPU
		{D5A14BA7-9B20-4F9F-8F9F-F5C6F5DFAB7D}.Release|Any CPU.Build.0 = Release|Any CPU
	EndGlobalSection
	GlobalSection(SolutionProperties) = preSolution
		HideSolutionNode = FALSE
	EndGlobalSection
	GlobalSection(ExtensibilityGlobals) = postSolution
		SolutionGuid = {853E61ED-91CE-48FB-AC10-D43B2065B25F}
	EndGlobalSection
EndGlobal
